
Microsoft Visual Studio Solution File, Format Version 12.00
# Visual Studio 15
VisualStudioVersion = 15.0.27703.2042
MinimumVisualStudioVersion = 10.0.40219.1
Project("{FAE04EC0-301F-11D3-BF4B-00C04F79EFBC}") = "PizzaProject.WebApp", "PizzaProject.WebApp\PizzaProject.WebApp.csproj", "{A5A31160-2678-4FD4-9375-CDB1FD9C0936}"
EndProject
Project("{FAE04EC0-301F-11D3-BF4B-00C04F79EFBC}") = "PizzaProject.Context", "PizzaProject.Context\PizzaProject.Context.csproj", "{E7FD4453-1C53-46D5-BEA5-9A20B39C6B94}"
EndProject
Global
	GlobalSection(SolutionConfigurationPlatforms) = preSolution
		Debug|Any CPU = Debug|Any CPU
		Release|Any CPU = Release|Any CPU
	EndGlobalSection
	GlobalSection(ProjectConfigurationPlatforms) = postSolution
		{A5A31160-2678-4FD4-9375-CDB1FD9C0936}.Debug|Any CPU.ActiveCfg = Debug|Any CPU
		{A5A31160-2678-4FD4-9375-CDB1FD9C0936}.Debug|Any CPU.Build.0 = Debug|Any CPU
		{A5A31160-2678-4FD4-9375-CDB1FD9C0936}.Release|Any CPU.ActiveCfg = Release|Any CPU
		{A5A31160-2678-4FD4-9375-CDB1FD9C0936}.Release|Any CPU.Build.0 = Release|Any CPU
		{E7FD4453-1C53-46D5-BEA5-9A20B39C6B94}.Debug|Any CPU.ActiveCfg = Debug|Any CPU
		{E7FD4453-1C53-46D5-BEA5-9A20B39C6B94}.Debug|Any CPU.Build.0 = Debug|Any CPU
		{E7FD4453-1C53-46D5-BEA5-9A20B39C6B94}.Release|Any CPU.ActiveCfg = Release|Any CPU
		{E7FD4453-1C53-46D5-BEA5-9A20B39C6B94}.Release|Any CPU.Build.0 = Release|Any CPU
	EndGlobalSection
	GlobalSection(SolutionProperties) = preSolution
		HideSolutionNode = FALSE
	EndGlobalSection
	GlobalSection(ExtensibilityGlobals) = postSolution
		SolutionGuid = {A0F09EB7-E5C0-4C57-85BA-29357C6559D8}
	EndGlobalSection
EndGlobal
