
Microsoft Visual Studio Solution File, Format Version 12.00
# Visual Studio 15
VisualStudioVersion = 15.0.27703.2035
MinimumVisualStudioVersion = 10.0.40219.1
Project("{FAE04EC0-301F-11D3-BF4B-00C04F79EFBC}") = "PizzaApplication.UI", "PizzaApplication.UI\PizzaApplication.UI.csproj", "{46BB765B-D2D1-477A-8DA1-5A1A655D9EBE}"
EndProject
Project("{FAE04EC0-301F-11D3-BF4B-00C04F79EFBC}") = "PizzaApplication.Library", "PizzaApplication.Library\PizzaApplication.Library.csproj", "{CC5302DA-0028-4512-AF2C-6BC572817A94}"
EndProject
Project("{FAE04EC0-301F-11D3-BF4B-00C04F79EFBC}") = "PizzaApplication.Test", "PizzaApplication.Testing\PizzaApplication.Test.csproj", "{3224471B-D8F7-4507-9062-2C2238D5EBCA}"
EndProject
Global
	GlobalSection(SolutionConfigurationPlatforms) = preSolution
		Debug|Any CPU = Debug|Any CPU
		Release|Any CPU = Release|Any CPU
	EndGlobalSection
	GlobalSection(ProjectConfigurationPlatforms) = postSolution
		{46BB765B-D2D1-477A-8DA1-5A1A655D9EBE}.Debug|Any CPU.ActiveCfg = Debug|Any CPU
		{46BB765B-D2D1-477A-8DA1-5A1A655D9EBE}.Debug|Any CPU.Build.0 = Debug|Any CPU
		{46BB765B-D2D1-477A-8DA1-5A1A655D9EBE}.Release|Any CPU.ActiveCfg = Release|Any CPU
		{46BB765B-D2D1-477A-8DA1-5A1A655D9EBE}.Release|Any CPU.Build.0 = Release|Any CPU
		{CC5302DA-0028-4512-AF2C-6BC572817A94}.Debug|Any CPU.ActiveCfg = Debug|Any CPU
		{CC5302DA-0028-4512-AF2C-6BC572817A94}.Debug|Any CPU.Build.0 = Debug|Any CPU
		{CC5302DA-0028-4512-AF2C-6BC572817A94}.Release|Any CPU.ActiveCfg = Release|Any CPU
		{CC5302DA-0028-4512-AF2C-6BC572817A94}.Release|Any CPU.Build.0 = Release|Any CPU
		{3224471B-D8F7-4507-9062-2C2238D5EBCA}.Debug|Any CPU.ActiveCfg = Debug|Any CPU
		{3224471B-D8F7-4507-9062-2C2238D5EBCA}.Debug|Any CPU.Build.0 = Debug|Any CPU
		{3224471B-D8F7-4507-9062-2C2238D5EBCA}.Release|Any CPU.ActiveCfg = Release|Any CPU
		{3224471B-D8F7-4507-9062-2C2238D5EBCA}.Release|Any CPU.Build.0 = Release|Any CPU
	EndGlobalSection
	GlobalSection(SolutionProperties) = preSolution
		HideSolutionNode = FALSE
	EndGlobalSection
	GlobalSection(ExtensibilityGlobals) = postSolution
		SolutionGuid = {F4C932FF-AB3F-4090-BE64-EF1CB8C2499B}
	EndGlobalSection
EndGlobal
