
Microsoft Visual Studio Solution File, Format Version 12.00
# Visual Studio 15
VisualStudioVersion = 15.0.27703.2042
MinimumVisualStudioVersion = 10.0.40219.1
Project("{FAE04EC0-301F-11D3-BF4B-00C04F79EFBC}") = "PizzaApp.ConsoleApp", "PizzaApp.ConsoleApp\PizzaApp.ConsoleApp.csproj", "{09C3BDCE-77F2-43B1-A267-534ABC2631E9}"
EndProject
Project("{FAE04EC0-301F-11D3-BF4B-00C04F79EFBC}") = "PizzaApp.Library", "PizzaApp.Library\PizzaApp.Library.csproj", "{1C28F59E-E534-443C-A1A0-54639BD478F9}"
EndProject
Project("{FAE04EC0-301F-11D3-BF4B-00C04F79EFBC}") = "PizzaApp.Test", "PizzaApp.Test\PizzaApp.Test.csproj", "{91D84C0C-6719-4008-BA12-0619054FCABB}"
EndProject
Project("{FAE04EC0-301F-11D3-BF4B-00C04F79EFBC}") = "PizzaApp.Context", "PizzaApp.Context\PizzaApp.Context.csproj", "{681CF382-0E13-4C12-A578-2600382C91DA}"
EndProject
Global
	GlobalSection(SolutionConfigurationPlatforms) = preSolution
		Debug|Any CPU = Debug|Any CPU
		Release|Any CPU = Release|Any CPU
	EndGlobalSection
	GlobalSection(ProjectConfigurationPlatforms) = postSolution
		{09C3BDCE-77F2-43B1-A267-534ABC2631E9}.Debug|Any CPU.ActiveCfg = Debug|Any CPU
		{09C3BDCE-77F2-43B1-A267-534ABC2631E9}.Debug|Any CPU.Build.0 = Debug|Any CPU
		{09C3BDCE-77F2-43B1-A267-534ABC2631E9}.Release|Any CPU.ActiveCfg = Release|Any CPU
		{09C3BDCE-77F2-43B1-A267-534ABC2631E9}.Release|Any CPU.Build.0 = Release|Any CPU
		{1C28F59E-E534-443C-A1A0-54639BD478F9}.Debug|Any CPU.ActiveCfg = Debug|Any CPU
		{1C28F59E-E534-443C-A1A0-54639BD478F9}.Debug|Any CPU.Build.0 = Debug|Any CPU
		{1C28F59E-E534-443C-A1A0-54639BD478F9}.Release|Any CPU.ActiveCfg = Release|Any CPU
		{1C28F59E-E534-443C-A1A0-54639BD478F9}.Release|Any CPU.Build.0 = Release|Any CPU
		{91D84C0C-6719-4008-BA12-0619054FCABB}.Debug|Any CPU.ActiveCfg = Debug|Any CPU
		{91D84C0C-6719-4008-BA12-0619054FCABB}.Debug|Any CPU.Build.0 = Debug|Any CPU
		{91D84C0C-6719-4008-BA12-0619054FCABB}.Release|Any CPU.ActiveCfg = Release|Any CPU
		{91D84C0C-6719-4008-BA12-0619054FCABB}.Release|Any CPU.Build.0 = Release|Any CPU
		{681CF382-0E13-4C12-A578-2600382C91DA}.Debug|Any CPU.ActiveCfg = Debug|Any CPU
		{681CF382-0E13-4C12-A578-2600382C91DA}.Debug|Any CPU.Build.0 = Debug|Any CPU
		{681CF382-0E13-4C12-A578-2600382C91DA}.Release|Any CPU.ActiveCfg = Release|Any CPU
		{681CF382-0E13-4C12-A578-2600382C91DA}.Release|Any CPU.Build.0 = Release|Any CPU
	EndGlobalSection
	GlobalSection(SolutionProperties) = preSolution
		HideSolutionNode = FALSE
	EndGlobalSection
	GlobalSection(ExtensibilityGlobals) = postSolution
		SolutionGuid = {98B5FF47-4CAB-4F07-BA1F-674B578AD863}
	EndGlobalSection
EndGlobal
